
Microsoft Visual Studio Solution File, Format Version 12.00
# Visual Studio Version 17
VisualStudioVersion = 17.4.33213.308
MinimumVisualStudioVersion = 10.0.40219.1
Project("{9A19103F-16F7-4668-BE54-9A1E7A4F7556}") = "RomanNumbersCalculator", "RomanNumbersCalculator\RomanNumbersCalculator.csproj", "{4DCDF59E-9448-43C6-A387-0750D3A3A551}"
EndProject
Project("{FAE04EC0-301F-11D3-BF4B-00C04F79EFBC}") = "UITestsForRomanNumbersCalculator", "UITestsForRomanNumbersCalculator\UITestsForRomanNumbersCalculator.csproj", "{FB0B1CCC-3BF1-4862-969D-B886C1E19BDE}"
EndProject
Global
	GlobalSection(SolutionConfigurationPlatforms) = preSolution
		Debug|Any CPU = Debug|Any CPU
		Release|Any CPU = Release|Any CPU
	EndGlobalSection
	GlobalSection(ProjectConfigurationPlatforms) = postSolution
		{4DCDF59E-9448-43C6-A387-0750D3A3A551}.Debug|Any CPU.ActiveCfg = Debug|Any CPU
		{4DCDF59E-9448-43C6-A387-0750D3A3A551}.Debug|Any CPU.Build.0 = Debug|Any CPU
		{4DCDF59E-9448-43C6-A387-0750D3A3A551}.Release|Any CPU.ActiveCfg = Release|Any CPU
		{4DCDF59E-9448-43C6-A387-0750D3A3A551}.Release|Any CPU.Build.0 = Release|Any CPU
		{FB0B1CCC-3BF1-4862-969D-B886C1E19BDE}.Debug|Any CPU.ActiveCfg = Debug|Any CPU
		{FB0B1CCC-3BF1-4862-969D-B886C1E19BDE}.Debug|Any CPU.Build.0 = Debug|Any CPU
		{FB0B1CCC-3BF1-4862-969D-B886C1E19BDE}.Release|Any CPU.ActiveCfg = Release|Any CPU
		{FB0B1CCC-3BF1-4862-969D-B886C1E19BDE}.Release|Any CPU.Build.0 = Release|Any CPU
	EndGlobalSection
	GlobalSection(SolutionProperties) = preSolution
		HideSolutionNode = FALSE
	EndGlobalSection
	GlobalSection(ExtensibilityGlobals) = postSolution
		SolutionGuid = {FC84CF54-D5F4-4499-9922-7C67C2DE7363}
	EndGlobalSection
EndGlobal
